
Microsoft Visual Studio Solution File, Format Version 12.00
# Visual Studio Version 17
VisualStudioVersion = 17.0.31912.275
MinimumVisualStudioVersion = 10.0.40219.1
Project("{FAE04EC0-301F-11D3-BF4B-00C04F79EFBC}") = "ExercitiiColectii2", "ExercitiiColectii2\ExercitiiColectii2.csproj", "{925C70EF-09C4-48F2-8699-639DEBE4E7BD}"
EndProject
Global
	GlobalSection(SolutionConfigurationPlatforms) = preSolution
		Debug|Any CPU = Debug|Any CPU
		Release|Any CPU = Release|Any CPU
	EndGlobalSection
	GlobalSection(ProjectConfigurationPlatforms) = postSolution
		{925C70EF-09C4-48F2-8699-639DEBE4E7BD}.Debug|Any CPU.ActiveCfg = Debug|Any CPU
		{925C70EF-09C4-48F2-8699-639DEBE4E7BD}.Debug|Any CPU.Build.0 = Debug|Any CPU
		{925C70EF-09C4-48F2-8699-639DEBE4E7BD}.Release|Any CPU.ActiveCfg = Release|Any CPU
		{925C70EF-09C4-48F2-8699-639DEBE4E7BD}.Release|Any CPU.Build.0 = Release|Any CPU
	EndGlobalSection
	GlobalSection(SolutionProperties) = preSolution
		HideSolutionNode = FALSE
	EndGlobalSection
	GlobalSection(ExtensibilityGlobals) = postSolution
		SolutionGuid = {02D9FB1D-39CB-4DE4-80D4-6B3C5D0A5396}
	EndGlobalSection
EndGlobal
